
Microsoft Visual Studio Solution File, Format Version 12.00
# Visual Studio Version 17
VisualStudioVersion = 17.0.31717.71
MinimumVisualStudioVersion = 15.0.26124.0
Project("{2150E333-8FDC-42A3-9474-1A3956D46DE8}") = "Solution Items", "Solution Items", "{29C81B48-7ADA-4C89-B454-45B623039C09}"
	ProjectSection(SolutionItems) = preProject
		..\.editorconfig = ..\.editorconfig
	EndProjectSection
EndProject
Project("{FAE04EC0-301F-11D3-BF4B-00C04F79EFBC}") = "WebApplication1", "WebApplication1\WebApplication1.csproj", "{C3805443-2BD6-4AFB-978F-1A31559EAC62}"
EndProject
Project("{FAE04EC0-301F-11D3-BF4B-00C04F79EFBC}") = "WebApplication1.Tests", "WebApplication1.Tests\WebApplication1.Tests.csproj", "{70CF02B5-36D1-4BC2-968B-E6E005AA1F7C}"
EndProject
Global
	GlobalSection(SolutionConfigurationPlatforms) = preSolution
		Debug|Any CPU = Debug|Any CPU
		Release|Any CPU = Release|Any CPU
	EndGlobalSection
	GlobalSection(ProjectConfigurationPlatforms) = postSolution
		{C3805443-2BD6-4AFB-978F-1A31559EAC62}.Debug|Any CPU.ActiveCfg = Debug|Any CPU
		{C3805443-2BD6-4AFB-978F-1A31559EAC62}.Debug|Any CPU.Build.0 = Debug|Any CPU
		{C3805443-2BD6-4AFB-978F-1A31559EAC62}.Release|Any CPU.ActiveCfg = Release|Any CPU
		{C3805443-2BD6-4AFB-978F-1A31559EAC62}.Release|Any CPU.Build.0 = Release|Any CPU
		{70CF02B5-36D1-4BC2-968B-E6E005AA1F7C}.Debug|Any CPU.ActiveCfg = Debug|Any CPU
		{70CF02B5-36D1-4BC2-968B-E6E005AA1F7C}.Debug|Any CPU.Build.0 = Debug|Any CPU
		{70CF02B5-36D1-4BC2-968B-E6E005AA1F7C}.Release|Any CPU.ActiveCfg = Release|Any CPU
		{70CF02B5-36D1-4BC2-968B-E6E005AA1F7C}.Release|Any CPU.Build.0 = Release|Any CPU
	EndGlobalSection
	GlobalSection(SolutionProperties) = preSolution
		HideSolutionNode = FALSE
	EndGlobalSection
	GlobalSection(ExtensibilityGlobals) = postSolution
		SolutionGuid = {EBF86A4A-E639-4F62-AAEE-EAD045707B45}
	EndGlobalSection
EndGlobal
